{
  "requires": true,
  "lockfileVersion": 1,
  "dependencies": {
    "chilkat_node10_macosx": {
      "version": "9.50.74",
      "resolved": "https://registry.npmjs.org/chilkat_node10_macosx/-/chilkat_node10_macosx-9.50.74.tgz",
      "integrity": "sha512-0TEk8UZH83y4bF5n7iHrwbuLAaJRvISRNb/HLF3rdvgzSz32dAVR6zVopGcy1SJx9b64btplTey/1g79unxYMQ=="
    },
    "jksreader": {
      "version": "file:http:/registry.npm.taobao.org/jksreader/download/jksreader-1.0.0.tgz",
      "requires": {
        "js-sha1": "^0.6.0"
      },
      "dependencies": {
        "js-sha1": {
          "version": "0.6.0",
          "resolved": "http://registry.npm.taobao.org/js-sha1/download/js-sha1-0.6.0.tgz"
        }
      }
    },
    "js-sha1": {
      "version": "file:http:/registry.npm.taobao.org/js-sha1/download/js-sha1-0.6.0.tgz"
    }
  }
}
